
Microsoft Visual Studio Solution File, Format Version 11.00
# Visual Studio 2010
Project("{FAE04EC0-301F-11D3-BF4B-00C04F79EFBC}") = "Trails2012", "Trails2012\Trails2012.csproj", "{9801FD19-CD96-40F9-A40D-21AF9D49BEEF}"
EndProject
Project("{FAE04EC0-301F-11D3-BF4B-00C04F79EFBC}") = "Trails2012.Tests", "Trails2012.Tests\Trails2012.Tests.csproj", "{42E8FC38-B474-4314-8EB4-172149679BC7}"
EndProject
Global
	GlobalSection(SolutionConfigurationPlatforms) = preSolution
		Debug|Any CPU = Debug|Any CPU
		Release|Any CPU = Release|Any CPU
	EndGlobalSection
	GlobalSection(ProjectConfigurationPlatforms) = postSolution
		{9801FD19-CD96-40F9-A40D-21AF9D49BEEF}.Debug|Any CPU.ActiveCfg = Debug|Any CPU
		{9801FD19-CD96-40F9-A40D-21AF9D49BEEF}.Debug|Any CPU.Build.0 = Debug|Any CPU
		{9801FD19-CD96-40F9-A40D-21AF9D49BEEF}.Release|Any CPU.ActiveCfg = Release|Any CPU
		{9801FD19-CD96-40F9-A40D-21AF9D49BEEF}.Release|Any CPU.Build.0 = Release|Any CPU
		{42E8FC38-B474-4314-8EB4-172149679BC7}.Debug|Any CPU.ActiveCfg = Debug|Any CPU
		{42E8FC38-B474-4314-8EB4-172149679BC7}.Debug|Any CPU.Build.0 = Debug|Any CPU
		{42E8FC38-B474-4314-8EB4-172149679BC7}.Release|Any CPU.ActiveCfg = Release|Any CPU
		{42E8FC38-B474-4314-8EB4-172149679BC7}.Release|Any CPU.Build.0 = Release|Any CPU
	EndGlobalSection
	GlobalSection(SolutionProperties) = preSolution
		HideSolutionNode = FALSE
	EndGlobalSection
EndGlobal
