
Microsoft Visual Studio Solution File, Format Version 11.00
# Visual Studio 2010
Project("{FAE04EC0-301F-11D3-BF4B-00C04F79EFBC}") = "Trails2012", "Trails2012\Trails2012.csproj", "{9801FD19-CD96-40F9-A40D-21AF9D49BEEF}"
EndProject
Project("{FAE04EC0-301F-11D3-BF4B-00C04F79EFBC}") = "Trails2012.Tests", "Trails2012.Tests\Trails2012.Tests.csproj", "{42E8FC38-B474-4314-8EB4-172149679BC7}"
EndProject
Project("{FAE04EC0-301F-11D3-BF4B-00C04F79EFBC}") = "Trails2012.Domain", "Trails2012.Domain\Trails2012.Domain.csproj", "{AF00D12C-9FA4-445E-BEF4-0B92D886913B}"
EndProject
Project("{2150E333-8FDC-42A3-9474-1A3956D46DE8}") = "Solution Items", "Solution Items", "{FD72CC93-400F-47E9-9E28-4F6485453602}"
	ProjectSection(SolutionItems) = preProject
		Local.testsettings = Local.testsettings
		TraceAndTestImpact.testsettings = TraceAndTestImpact.testsettings
		Trails2012.vsmdi = Trails2012.vsmdi
	EndProjectSection
EndProject
Project("{FAE04EC0-301F-11D3-BF4B-00C04F79EFBC}") = "Trails2012.DataAccess.EF", "Trails2012.DataAccess.EF\Trails2012.DataAccess.EF.csproj", "{B6F99750-1FDB-4650-BDA5-EA5BA58D5C27}"
EndProject
Project("{FAE04EC0-301F-11D3-BF4B-00C04F79EFBC}") = "Trails2012.DataAccess.EF.Test", "Trails2012.DataAccess.EF.Test\Trails2012.DataAccess.EF.Test.csproj", "{3B4F2847-C93C-4707-8A31-1FADA659AEDA}"
EndProject
Project("{FAE04EC0-301F-11D3-BF4B-00C04F79EFBC}") = "Trails2012.DataAccess", "Trails2012.DataAccess\Trails2012.DataAccess.csproj", "{8B1E2305-D9BC-4239-9C68-D3C76F3ABB57}"
EndProject
Global
	GlobalSection(TestCaseManagementSettings) = postSolution
		CategoryFile = Trails2012.vsmdi
	EndGlobalSection
	GlobalSection(SolutionConfigurationPlatforms) = preSolution
		Debug|Any CPU = Debug|Any CPU
		Release|Any CPU = Release|Any CPU
	EndGlobalSection
	GlobalSection(ProjectConfigurationPlatforms) = postSolution
		{9801FD19-CD96-40F9-A40D-21AF9D49BEEF}.Debug|Any CPU.ActiveCfg = Debug|Any CPU
		{9801FD19-CD96-40F9-A40D-21AF9D49BEEF}.Debug|Any CPU.Build.0 = Debug|Any CPU
		{9801FD19-CD96-40F9-A40D-21AF9D49BEEF}.Release|Any CPU.ActiveCfg = Release|Any CPU
		{9801FD19-CD96-40F9-A40D-21AF9D49BEEF}.Release|Any CPU.Build.0 = Release|Any CPU
		{42E8FC38-B474-4314-8EB4-172149679BC7}.Debug|Any CPU.ActiveCfg = Debug|Any CPU
		{42E8FC38-B474-4314-8EB4-172149679BC7}.Debug|Any CPU.Build.0 = Debug|Any CPU
		{42E8FC38-B474-4314-8EB4-172149679BC7}.Release|Any CPU.ActiveCfg = Release|Any CPU
		{42E8FC38-B474-4314-8EB4-172149679BC7}.Release|Any CPU.Build.0 = Release|Any CPU
		{AF00D12C-9FA4-445E-BEF4-0B92D886913B}.Debug|Any CPU.ActiveCfg = Debug|Any CPU
		{AF00D12C-9FA4-445E-BEF4-0B92D886913B}.Debug|Any CPU.Build.0 = Debug|Any CPU
		{AF00D12C-9FA4-445E-BEF4-0B92D886913B}.Release|Any CPU.ActiveCfg = Release|Any CPU
		{AF00D12C-9FA4-445E-BEF4-0B92D886913B}.Release|Any CPU.Build.0 = Release|Any CPU
		{B6F99750-1FDB-4650-BDA5-EA5BA58D5C27}.Debug|Any CPU.ActiveCfg = Debug|Any CPU
		{B6F99750-1FDB-4650-BDA5-EA5BA58D5C27}.Debug|Any CPU.Build.0 = Debug|Any CPU
		{B6F99750-1FDB-4650-BDA5-EA5BA58D5C27}.Release|Any CPU.ActiveCfg = Release|Any CPU
		{B6F99750-1FDB-4650-BDA5-EA5BA58D5C27}.Release|Any CPU.Build.0 = Release|Any CPU
		{3B4F2847-C93C-4707-8A31-1FADA659AEDA}.Debug|Any CPU.ActiveCfg = Debug|Any CPU
		{3B4F2847-C93C-4707-8A31-1FADA659AEDA}.Debug|Any CPU.Build.0 = Debug|Any CPU
		{3B4F2847-C93C-4707-8A31-1FADA659AEDA}.Release|Any CPU.ActiveCfg = Release|Any CPU
		{3B4F2847-C93C-4707-8A31-1FADA659AEDA}.Release|Any CPU.Build.0 = Release|Any CPU
		{8B1E2305-D9BC-4239-9C68-D3C76F3ABB57}.Debug|Any CPU.ActiveCfg = Debug|Any CPU
		{8B1E2305-D9BC-4239-9C68-D3C76F3ABB57}.Debug|Any CPU.Build.0 = Debug|Any CPU
		{8B1E2305-D9BC-4239-9C68-D3C76F3ABB57}.Release|Any CPU.ActiveCfg = Release|Any CPU
		{8B1E2305-D9BC-4239-9C68-D3C76F3ABB57}.Release|Any CPU.Build.0 = Release|Any CPU
	EndGlobalSection
	GlobalSection(SolutionProperties) = preSolution
		HideSolutionNode = FALSE
	EndGlobalSection
EndGlobal
